{
  "name": "prueba-map-japan-tests",
  "lockfileVersion": 3,
  "requires": true,
  "packages": {
    "": {
      "name": "prueba-map-japan-tests",
      "dependencies": {
        "@keycloak/keycloak-admin-client": "^26.6.2",
        "postgres": "^3.4.9"
      },
      "devDependencies": {
        "@playwright/test": "^1.60.0",
        "dotenv": "^16.0.0"
      }
    },
    "node_modules/@keycloak/keycloak-admin-client": {
      "version": "26.6.2",
      "resolved": "https://registry.npmjs.org/@keycloak/keycloak-admin-client/-/keycloak-admin-client-26.6.2.tgz",
      "integrity": "sha512-CEqQ/fzJPkWOTM0LaUeH5KAKlCQGkqlydhpnxFM9Vx1rLyjr9AIqrENPNzt0owYDPIqrl6OYaFZJBAoH8woDpA==",
      "license": "Apache-2.0",
      "dependencies": {
        "@microsoft/kiota-abstractions": "^1.0.0-preview.86",
        "@microsoft/kiota-http-fetchlibrary": "^1.0.0-preview.80",
        "@microsoft/kiota-serialization-form": "^1.0.0-preview.74",
        "@microsoft/kiota-serialization-json": "^1.0.0-preview.86",
        "@microsoft/kiota-serialization-multipart": "^1.0.0-preview.67",
        "@microsoft/kiota-serialization-text": "^1.0.0-preview.79",
        "camelize-ts": "^3.0.0",
        "url-template": "^3.1.1"
      },
      "engines": {
        "node": ">=18"
      }
    },
    "node_modules/@microsoft/kiota-abstractions": {
      "version": "1.0.0-preview.102",
      "resolved": "https://registry.npmjs.org/@microsoft/kiota-abstractions/-/kiota-abstractions-1.0.0-preview.102.tgz",
      "integrity": "sha512-WL+S7X+W6zpDO6vFk+FClb5hoUJMV1ZcMHo1H52r2Q49xTuYx9esJqmwh/0EXsftmxKwOOIOoPfO7+Tp5QAddw==",
      "license": "MIT",
      "dependencies": {
        "@opentelemetry/api": "^1.7.0",
        "@std-uritemplate/std-uritemplate": "^2.0.0",
        "tinyduration": "^3.3.0",
        "tslib": "^2.6.2"
      }
    },
    "node_modules/@microsoft/kiota-http-fetchlibrary": {
      "version": "1.0.0-preview.102",
      "resolved": "https://registry.npmjs.org/@microsoft/kiota-http-fetchlibrary/-/kiota-http-fetchlibrary-1.0.0-preview.102.tgz",
      "integrity": "sha512-oXfrPOWkIR2/Gs700n00EY3VDc+Qgz6y7ZiA/f8FHJsnwSjZ017xcWFw2PLzJItczVsad0pq/N5DYnoF6Co11Q==",
      "license": "MIT",
      "dependencies": {
        "@microsoft/kiota-abstractions": "^1.0.0-preview.102",
        "@opentelemetry/api": "^1.7.0",
        "tslib": "^2.6.2"
      }
    },
    "node_modules/@microsoft/kiota-serialization-form": {
      "version": "1.0.0-preview.102",
      "resolved": "https://registry.npmjs.org/@microsoft/kiota-serialization-form/-/kiota-serialization-form-1.0.0-preview.102.tgz",
      "integrity": "sha512-1w70XAA/F4RgbyNbRAaZCjLAOiKQjdiQDYlNZC9x8g7xgd7tNqYqowt/auQS1A9SZOrT626q6+Gr2xKKyW3wOg==",
      "license": "MIT",
      "dependencies": {
        "@microsoft/kiota-abstractions": "^1.0.0-preview.102",
        "tslib": "^2.6.2"
      }
    },
    "node_modules/@microsoft/kiota-serialization-json": {
      "version": "1.0.0-preview.102",
      "resolved": "https://registry.npmjs.org/@microsoft/kiota-serialization-json/-/kiota-serialization-json-1.0.0-preview.102.tgz",
      "integrity": "sha512-YpIt5pXNX13ND736oJFf0wBYPAafCv+CAE17Fa1HcS1drCdXx8ELPQ5GxGDbQG7J5LIMDgUtBOUmf5R/FrMQ6A==",
      "license": "MIT",
      "dependencies": {
        "@microsoft/kiota-abstractions": "^1.0.0-preview.102",
        "tslib": "^2.6.2"
      }
    },
    "node_modules/@microsoft/kiota-serialization-multipart": {
      "version": "1.0.0-preview.102",
      "resolved": "https://registry.npmjs.org/@microsoft/kiota-serialization-multipart/-/kiota-serialization-multipart-1.0.0-preview.102.tgz",
      "integrity": "sha512-tjwt0m+8+OqZizZU6gBARTcA8suPYS0onD9IUbhKsvRrAJpBIyp07hnyOTXBgE+gurGGbeT3TTl9AUK2ic6DiA==",
      "license": "MIT",
      "dependencies": {
        "@microsoft/kiota-abstractions": "^1.0.0-preview.102",
        "tslib": "^2.6.2"
      }
    },
    "node_modules/@microsoft/kiota-serialization-text": {
      "version": "1.0.0-preview.102",
      "resolved": "https://registry.npmjs.org/@microsoft/kiota-serialization-text/-/kiota-serialization-text-1.0.0-preview.102.tgz",
      "integrity": "sha512-ZCihyrXKYGfTz/frqNQvwKsD+EgjhjfclB5/XDrSGNXduisL/f1MbyvjsgmrZnLmtCwX8/v+Mc3vlz716KWYbg==",
      "license": "MIT",
      "dependencies": {
        "@microsoft/kiota-abstractions": "^1.0.0-preview.102",
        "tslib": "^2.6.2"
      }
    },
    "node_modules/@opentelemetry/api": {
      "version": "1.9.1",
      "resolved": "https://registry.npmjs.org/@opentelemetry/api/-/api-1.9.1.tgz",
      "integrity": "sha512-gLyJlPHPZYdAk1JENA9LeHejZe1Ti77/pTeFm/nMXmQH/HFZlcS/O2XJB+L8fkbrNSqhdtlvjBVjxwUYanNH5Q==",
      "license": "Apache-2.0",
      "engines": {
        "node": ">=8.0.0"
      }
    },
    "node_modules/@playwright/test": {
      "version": "1.60.0",
      "resolved": "https://registry.npmjs.org/@playwright/test/-/test-1.60.0.tgz",
      "integrity": "sha512-O71yZIbAh/PxDMNGns37GHBIfrVkEVyn+AXyIa5dOTfb4/xNvRWV+Vv/NMbNCtODB/pO7vLlF2OTmMVLhmr7Ag==",
      "dev": true,
      "license": "Apache-2.0",
      "dependencies": {
        "playwright": "1.60.0"
      },
      "bin": {
        "playwright": "cli.js"
      },
      "engines": {
        "node": ">=18"
      }
    },
    "node_modules/@std-uritemplate/std-uritemplate": {
      "version": "2.0.10",
      "resolved": "https://registry.npmjs.org/@std-uritemplate/std-uritemplate/-/std-uritemplate-2.0.10.tgz",
      "integrity": "sha512-EGxlaZDK+CcvMYzxLWKgQlhNiyGIoznEi/CVnzM1DCiQQh/EwSH0ThvseXJ4g6btu1hvlUZ70SrZD6ahsglXcw==",
      "license": "Apache-2.0"
    },
    "node_modules/camelize-ts": {
      "version": "3.0.0",
      "resolved": "https://registry.npmjs.org/camelize-ts/-/camelize-ts-3.0.0.tgz",
      "integrity": "sha512-cgRwKKavoDKLTjO4FQTs3dRBePZp/2Y9Xpud0FhuCOTE86M2cniKN4CCXgRnsyXNMmQMifVHcv6SPaMtTx6ofQ==",
      "license": "MIT",
      "engines": {
        "node": "^12.20.0 || ^14.13.1 || >=16.0.0"
      }
    },
    "node_modules/dotenv": {
      "version": "16.6.1",
      "resolved": "https://registry.npmjs.org/dotenv/-/dotenv-16.6.1.tgz",
      "integrity": "sha512-uBq4egWHTcTt33a72vpSG0z3HnPuIl6NqYcTrKEg2azoEyl2hpW0zqlxysq2pK9HlDIHyHyakeYaYnSAwd8bow==",
      "dev": true,
      "license": "BSD-2-Clause",
      "engines": {
        "node": ">=12"
      },
      "funding": {
        "url": "https://dotenvx.com"
      }
    },
    "node_modules/fsevents": {
      "version": "2.3.2",
      "resolved": "https://registry.npmjs.org/fsevents/-/fsevents-2.3.2.tgz",
      "integrity": "sha512-xiqMQR4xAeHTuB9uWm+fFRcIOgKBMiOBP+eXiyT7jsgVCq1bkVygt00oASowB7EdtpOHaaPgKt812P9ab+DDKA==",
      "dev": true,
      "hasInstallScript": true,
      "license": "MIT",
      "optional": true,
      "os": [
        "darwin"
      ],
      "engines": {
        "node": "^8.16.0 || ^10.6.0 || >=11.0.0"
      }
    },
    "node_modules/playwright": {
      "version": "1.60.0",
      "resolved": "https://registry.npmjs.org/playwright/-/playwright-1.60.0.tgz",
      "integrity": "sha512-hheHdokM8cdqCb0lcE3s+zT4t4W+vvjpGxsZlDnikarzx8tSzMebh3UiFtgqwFwnTnjYQcsyMF8ei2mCO/tpeA==",
      "dev": true,
      "license": "Apache-2.0",
      "dependencies": {
        "playwright-core": "1.60.0"
      },
      "bin": {
        "playwright": "cli.js"
      },
      "engines": {
        "node": ">=18"
      },
      "optionalDependencies": {
        "fsevents": "2.3.2"
      }
    },
    "node_modules/playwright-core": {
      "version": "1.60.0",
      "resolved": "https://registry.npmjs.org/playwright-core/-/playwright-core-1.60.0.tgz",
      "integrity": "sha512-9bW6zvX/m0lEbgTKJ6YppOKx8H3VOPBMOCFh2irXFOT4BbHgrx5hPjwJYLT40Lu+4qtD36qKc/Hn56StUW57IA==",
      "dev": true,
      "license": "Apache-2.0",
      "bin": {
        "playwright-core": "cli.js"
      },
      "engines": {
        "node": ">=18"
      }
    },
    "node_modules/postgres": {
      "version": "3.4.9",
      "resolved": "https://registry.npmjs.org/postgres/-/postgres-3.4.9.tgz",
      "integrity": "sha512-GD3qdB0x1z9xgFI6cdRD6xu2Sp2WCOEoe3mtnyB5Ee0XrrL5Pe+e4CCnJrRMnL1zYtRDZmQQVbvOttLnKDLnaw==",
      "license": "Unlicense",
      "engines": {
        "node": ">=12"
      },
      "funding": {
        "type": "individual",
        "url": "https://github.com/sponsors/porsager"
      }
    },
    "node_modules/tinyduration": {
      "version": "3.4.1",
      "resolved": "https://registry.npmjs.org/tinyduration/-/tinyduration-3.4.1.tgz",
      "integrity": "sha512-NemFoamVYn7TmtwZKZ3OiliM9fZkr6EWiTM+wKknco6POSy2gS689xx/pXip0JYp40HXpUw6k65CUYHWYUXdaA==",
      "license": "MIT"
    },
    "node_modules/tslib": {
      "version": "2.8.1",
      "resolved": "https://registry.npmjs.org/tslib/-/tslib-2.8.1.tgz",
      "integrity": "sha512-oJFu94HQb+KVduSUQL7wnpmqnfmLsOA/nAh6b6EH0wCEoK0/mPeXU6c3wKDV83MkOuHPRHtSXKKU99IBazS/2w==",
      "license": "0BSD"
    },
    "node_modules/url-template": {
      "version": "3.1.1",
      "resolved": "https://registry.npmjs.org/url-template/-/url-template-3.1.1.tgz",
      "integrity": "sha512-4oszoaEKE/mQOtAmdMWqIRHmkxWkUZMnXFnjQ5i01CuRSK3uluxcH1MRVVVWmhlnzT1SCDfKxxficm2G37qzCA==",
      "license": "BSD-3-Clause",
      "engines": {
        "node": "^12.20.0 || ^14.13.1 || >=16.0.0"
      }
    }
  }
}
